
Microsoft Visual Studio Solution File, Format Version 12.00
# Visual Studio 15
VisualStudioVersion = 15.0.27130.2027
MinimumVisualStudioVersion = 10.0.40219.1
Project("{8BC9CEB8-8B4A-11D0-8D11-00A0C91BC942}") = "AvsDec", "src\AvsDec\AvsDec.vcxproj", "{5689D579-90F0-4F6A-B829-CA954FD94F99}"
EndProject
Project("{8BC9CEB8-8B4A-11D0-8D11-00A0C91BC942}") = "WavInfo", "src\WavInfo\WavInfo.vcxproj", "{95BFDAE3-9A98-4FB8-862F-B0268F8A885C}"
EndProject
Project("{8BC9CEB8-8B4A-11D0-8D11-00A0C91BC942}") = "WavSplit", "src\WavSplit\WavSplit.vcxproj", "{E899B232-A6D6-4A17-9E7D-172C5A3BF701}"
EndProject
Global
	GlobalSection(SolutionConfigurationPlatforms) = preSolution
		DebugMBCS|x64 = DebugMBCS|x64
		DebugMBCS|x86 = DebugMBCS|x86
		DebugUNICODE|x64 = DebugUNICODE|x64
		DebugUNICODE|x86 = DebugUNICODE|x86
		ReleaseMBCS|x64 = ReleaseMBCS|x64
		ReleaseMBCS|x86 = ReleaseMBCS|x86
		ReleaseUNICODE|x64 = ReleaseUNICODE|x64
		ReleaseUNICODE|x86 = ReleaseUNICODE|x86
	EndGlobalSection
	GlobalSection(ProjectConfigurationPlatforms) = postSolution
		{5689D579-90F0-4F6A-B829-CA954FD94F99}.DebugMBCS|x64.ActiveCfg = DebugMBCS|x64
		{5689D579-90F0-4F6A-B829-CA954FD94F99}.DebugMBCS|x64.Build.0 = DebugMBCS|x64
		{5689D579-90F0-4F6A-B829-CA954FD94F99}.DebugMBCS|x86.ActiveCfg = DebugMBCS|Win32
		{5689D579-90F0-4F6A-B829-CA954FD94F99}.DebugMBCS|x86.Build.0 = DebugMBCS|Win32
		{5689D579-90F0-4F6A-B829-CA954FD94F99}.DebugUNICODE|x64.ActiveCfg = DebugUNICODE|x64
		{5689D579-90F0-4F6A-B829-CA954FD94F99}.DebugUNICODE|x64.Build.0 = DebugUNICODE|x64
		{5689D579-90F0-4F6A-B829-CA954FD94F99}.DebugUNICODE|x86.ActiveCfg = DebugUNICODE|Win32
		{5689D579-90F0-4F6A-B829-CA954FD94F99}.DebugUNICODE|x86.Build.0 = DebugUNICODE|Win32
		{5689D579-90F0-4F6A-B829-CA954FD94F99}.ReleaseMBCS|x64.ActiveCfg = ReleaseMBCS|x64
		{5689D579-90F0-4F6A-B829-CA954FD94F99}.ReleaseMBCS|x64.Build.0 = ReleaseMBCS|x64
		{5689D579-90F0-4F6A-B829-CA954FD94F99}.ReleaseMBCS|x86.ActiveCfg = ReleaseMBCS|Win32
		{5689D579-90F0-4F6A-B829-CA954FD94F99}.ReleaseMBCS|x86.Build.0 = ReleaseMBCS|Win32
		{5689D579-90F0-4F6A-B829-CA954FD94F99}.ReleaseUNICODE|x64.ActiveCfg = ReleaseUNICODE|x64
		{5689D579-90F0-4F6A-B829-CA954FD94F99}.ReleaseUNICODE|x64.Build.0 = ReleaseUNICODE|x64
		{5689D579-90F0-4F6A-B829-CA954FD94F99}.ReleaseUNICODE|x86.ActiveCfg = ReleaseUNICODE|Win32
		{5689D579-90F0-4F6A-B829-CA954FD94F99}.ReleaseUNICODE|x86.Build.0 = ReleaseUNICODE|Win32
		{95BFDAE3-9A98-4FB8-862F-B0268F8A885C}.DebugMBCS|x64.ActiveCfg = DebugMBCS|x64
		{95BFDAE3-9A98-4FB8-862F-B0268F8A885C}.DebugMBCS|x64.Build.0 = DebugMBCS|x64
		{95BFDAE3-9A98-4FB8-862F-B0268F8A885C}.DebugMBCS|x86.ActiveCfg = DebugMBCS|Win32
		{95BFDAE3-9A98-4FB8-862F-B0268F8A885C}.DebugMBCS|x86.Build.0 = DebugMBCS|Win32
		{95BFDAE3-9A98-4FB8-862F-B0268F8A885C}.DebugUNICODE|x64.ActiveCfg = DebugUNICODE|x64
		{95BFDAE3-9A98-4FB8-862F-B0268F8A885C}.DebugUNICODE|x64.Build.0 = DebugUNICODE|x64
		{95BFDAE3-9A98-4FB8-862F-B0268F8A885C}.DebugUNICODE|x86.ActiveCfg = DebugUNICODE|Win32
		{95BFDAE3-9A98-4FB8-862F-B0268F8A885C}.DebugUNICODE|x86.Build.0 = DebugUNICODE|Win32
		{95BFDAE3-9A98-4FB8-862F-B0268F8A885C}.ReleaseMBCS|x64.ActiveCfg = ReleaseMBCS|x64
		{95BFDAE3-9A98-4FB8-862F-B0268F8A885C}.ReleaseMBCS|x64.Build.0 = ReleaseMBCS|x64
		{95BFDAE3-9A98-4FB8-862F-B0268F8A885C}.ReleaseMBCS|x86.ActiveCfg = ReleaseMBCS|Win32
		{95BFDAE3-9A98-4FB8-862F-B0268F8A885C}.ReleaseMBCS|x86.Build.0 = ReleaseMBCS|Win32
		{95BFDAE3-9A98-4FB8-862F-B0268F8A885C}.ReleaseUNICODE|x64.ActiveCfg = ReleaseUNICODE|x64
		{95BFDAE3-9A98-4FB8-862F-B0268F8A885C}.ReleaseUNICODE|x64.Build.0 = ReleaseUNICODE|x64
		{95BFDAE3-9A98-4FB8-862F-B0268F8A885C}.ReleaseUNICODE|x86.ActiveCfg = ReleaseUNICODE|Win32
		{95BFDAE3-9A98-4FB8-862F-B0268F8A885C}.ReleaseUNICODE|x86.Build.0 = ReleaseUNICODE|Win32
		{E899B232-A6D6-4A17-9E7D-172C5A3BF701}.DebugMBCS|x64.ActiveCfg = DebugMBCS|x64
		{E899B232-A6D6-4A17-9E7D-172C5A3BF701}.DebugMBCS|x64.Build.0 = DebugMBCS|x64
		{E899B232-A6D6-4A17-9E7D-172C5A3BF701}.DebugMBCS|x86.ActiveCfg = DebugMBCS|Win32
		{E899B232-A6D6-4A17-9E7D-172C5A3BF701}.DebugMBCS|x86.Build.0 = DebugMBCS|Win32
		{E899B232-A6D6-4A17-9E7D-172C5A3BF701}.DebugUNICODE|x64.ActiveCfg = DebugUNICODE|x64
		{E899B232-A6D6-4A17-9E7D-172C5A3BF701}.DebugUNICODE|x64.Build.0 = DebugUNICODE|x64
		{E899B232-A6D6-4A17-9E7D-172C5A3BF701}.DebugUNICODE|x86.ActiveCfg = DebugUNICODE|Win32
		{E899B232-A6D6-4A17-9E7D-172C5A3BF701}.DebugUNICODE|x86.Build.0 = DebugUNICODE|Win32
		{E899B232-A6D6-4A17-9E7D-172C5A3BF701}.ReleaseMBCS|x64.ActiveCfg = ReleaseMBCS|x64
		{E899B232-A6D6-4A17-9E7D-172C5A3BF701}.ReleaseMBCS|x64.Build.0 = ReleaseMBCS|x64
		{E899B232-A6D6-4A17-9E7D-172C5A3BF701}.ReleaseMBCS|x86.ActiveCfg = ReleaseMBCS|Win32
		{E899B232-A6D6-4A17-9E7D-172C5A3BF701}.ReleaseMBCS|x86.Build.0 = ReleaseMBCS|Win32
		{E899B232-A6D6-4A17-9E7D-172C5A3BF701}.ReleaseUNICODE|x64.ActiveCfg = ReleaseUNICODE|x64
		{E899B232-A6D6-4A17-9E7D-172C5A3BF701}.ReleaseUNICODE|x64.Build.0 = ReleaseUNICODE|x64
		{E899B232-A6D6-4A17-9E7D-172C5A3BF701}.ReleaseUNICODE|x86.ActiveCfg = ReleaseUNICODE|Win32
		{E899B232-A6D6-4A17-9E7D-172C5A3BF701}.ReleaseUNICODE|x86.Build.0 = ReleaseUNICODE|Win32
	EndGlobalSection
	GlobalSection(SolutionProperties) = preSolution
		HideSolutionNode = FALSE
	EndGlobalSection
	GlobalSection(ExtensibilityGlobals) = postSolution
		SolutionGuid = {6FB22D6E-73E4-4EA3-973C-C2183A4F4A2B}
	EndGlobalSection
EndGlobal
